
Microsoft Visual Studio Solution File, Format Version 12.00
# Visual Studio Version 17
VisualStudioVersion = 17.14.36429.23
MinimumVisualStudioVersion = 10.0.40219.1
Project("{FAE04EC0-301F-11D3-BF4B-00C04F79EFBC}") = "Ace.App", "Ace.App.csproj", "{FBF9F774-C5DC-4EC2-B00A-1859FB9ED832}"
EndProject
Global
	GlobalSection(SolutionConfigurationPlatforms) = preSolution
		Debug|Any CPU = Debug|Any CPU
		Debug|x64 = Debug|x64
		Release|Any CPU = Release|Any CPU
		Release|x64 = Release|x64
	EndGlobalSection
	GlobalSection(ProjectConfigurationPlatforms) = postSolution
		{FBF9F774-C5DC-4EC2-B00A-1859FB9ED832}.Debug|Any CPU.ActiveCfg = Debug|Any CPU
		{FBF9F774-C5DC-4EC2-B00A-1859FB9ED832}.Debug|Any CPU.Build.0 = Debug|Any CPU
		{FBF9F774-C5DC-4EC2-B00A-1859FB9ED832}.Debug|x64.ActiveCfg = Debug|x64
		{FBF9F774-C5DC-4EC2-B00A-1859FB9ED832}.Debug|x64.Build.0 = Debug|x64
		{FBF9F774-C5DC-4EC2-B00A-1859FB9ED832}.Release|Any CPU.ActiveCfg = Release|Any CPU
		{FBF9F774-C5DC-4EC2-B00A-1859FB9ED832}.Release|Any CPU.Build.0 = Release|Any CPU
		{FBF9F774-C5DC-4EC2-B00A-1859FB9ED832}.Release|x64.ActiveCfg = Release|x64
		{FBF9F774-C5DC-4EC2-B00A-1859FB9ED832}.Release|x64.Build.0 = Release|x64
	EndGlobalSection
	GlobalSection(SolutionProperties) = preSolution
		HideSolutionNode = FALSE
	EndGlobalSection
	GlobalSection(ExtensibilityGlobals) = postSolution
		SolutionGuid = {2FC732F0-BB50-40E6-A80C-04ABEF1A795C}
	EndGlobalSection
EndGlobal
